
Microsoft Visual Studio Solution File, Format Version 12.00
# Visual Studio Version 17
VisualStudioVersion = 17.7.34202.233
MinimumVisualStudioVersion = 10.0.40219.1
Project("{8BC9CEB8-8B4A-11D0-8D11-00A0C91BC942}") = "MT3_2_0", "MT3_2_0.vcxproj", "{4A887980-8A03-4D2C-AC80-EE0C3D0C2347}"
EndProject
Global
	GlobalSection(SolutionConfigurationPlatforms) = preSolution
		Debug|x64 = Debug|x64
		Release|x64 = Release|x64
	EndGlobalSection
	GlobalSection(ProjectConfigurationPlatforms) = postSolution
		{4A887980-8A03-4D2C-AC80-EE0C3D0C2347}.Debug|x64.ActiveCfg = Debug|x64
		{4A887980-8A03-4D2C-AC80-EE0C3D0C2347}.Debug|x64.Build.0 = Debug|x64
		{4A887980-8A03-4D2C-AC80-EE0C3D0C2347}.Release|x64.ActiveCfg = Release|x64
		{4A887980-8A03-4D2C-AC80-EE0C3D0C2347}.Release|x64.Build.0 = Release|x64
	EndGlobalSection
	GlobalSection(SolutionProperties) = preSolution
		HideSolutionNode = FALSE
	EndGlobalSection
	GlobalSection(ExtensibilityGlobals) = postSolution
		SolutionGuid = {12C5ADBD-0775-4C85-873A-7B06DDFC20CB}
	EndGlobalSection
EndGlobal
